{
  "nodes": {
    "nixpkgs": {
      "locked": {
        "lastModified": 1698222794,
        "narHash": "sha256-7f3qvd9KB4ZoA1K5u1JPAnPPM2NNwIZgHFP0leF3dPc=",
        "owner": "NixOS",
        "repo": "nixpkgs",
        "rev": "a3ba0495452cd8e72735ebd4472838e96902a259",
        "type": "github"
      },
      "original": {
        "owner": "NixOS",
        "repo": "nixpkgs",
        "type": "github"
      }
    },
    "root": {
      "inputs": {
        "nixpkgs": "nixpkgs"
      }
    }
  },
  "root": "root",
  "version": 7
}
